
Microsoft Visual Studio Solution File, Format Version 12.00
# Visual Studio Version 16
VisualStudioVersion = 16.0.29519.181
MinimumVisualStudioVersion = 10.0.40219.1
Project("{FAE04EC0-301F-11D3-BF4B-00C04F79EFBC}") = "GitHubFeatureTest", "GitHubFeatureTest.csproj", "{C4AF621B-CDC4-41EC-8D85-8D9F9BB6C7A6}"
EndProject
Global
	GlobalSection(SolutionConfigurationPlatforms) = preSolution
		Debug|Any CPU = Debug|Any CPU
		Release|Any CPU = Release|Any CPU
	EndGlobalSection
	GlobalSection(ProjectConfigurationPlatforms) = postSolution
		{C4AF621B-CDC4-41EC-8D85-8D9F9BB6C7A6}.Debug|Any CPU.ActiveCfg = Debug|Any CPU
		{C4AF621B-CDC4-41EC-8D85-8D9F9BB6C7A6}.Debug|Any CPU.Build.0 = Debug|Any CPU
		{C4AF621B-CDC4-41EC-8D85-8D9F9BB6C7A6}.Release|Any CPU.ActiveCfg = Release|Any CPU
		{C4AF621B-CDC4-41EC-8D85-8D9F9BB6C7A6}.Release|Any CPU.Build.0 = Release|Any CPU
	EndGlobalSection
	GlobalSection(SolutionProperties) = preSolution
		HideSolutionNode = FALSE
	EndGlobalSection
	GlobalSection(ExtensibilityGlobals) = postSolution
		SolutionGuid = {D4A627F4-0466-4CBB-8577-E976BB2A1CA6}
	EndGlobalSection
EndGlobal
